
Microsoft Visual Studio Solution File, Format Version 12.00
# Visual Studio Version 16
VisualStudioVersion = 16.0.30503.244
MinimumVisualStudioVersion = 10.0.40219.1
Project("{FAE04EC0-301F-11D3-BF4B-00C04F79EFBC}") = "ViewStateDemo", "ViewStateDemo.csproj", "{99A01DCB-D0C4-45BC-A088-E3BEC34E9040}"
EndProject
Global
	GlobalSection(SolutionConfigurationPlatforms) = preSolution
		Debug|Any CPU = Debug|Any CPU
		Release|Any CPU = Release|Any CPU
	EndGlobalSection
	GlobalSection(ProjectConfigurationPlatforms) = postSolution
		{99A01DCB-D0C4-45BC-A088-E3BEC34E9040}.Debug|Any CPU.ActiveCfg = Debug|Any CPU
		{99A01DCB-D0C4-45BC-A088-E3BEC34E9040}.Debug|Any CPU.Build.0 = Debug|Any CPU
		{99A01DCB-D0C4-45BC-A088-E3BEC34E9040}.Release|Any CPU.ActiveCfg = Release|Any CPU
		{99A01DCB-D0C4-45BC-A088-E3BEC34E9040}.Release|Any CPU.Build.0 = Release|Any CPU
	EndGlobalSection
	GlobalSection(SolutionProperties) = preSolution
		HideSolutionNode = FALSE
	EndGlobalSection
	GlobalSection(ExtensibilityGlobals) = postSolution
		SolutionGuid = {B606A5A4-0E86-4698-8B3D-DD8BD072A862}
	EndGlobalSection
EndGlobal
