
Microsoft Visual Studio Solution File, Format Version 12.00
# Visual Studio Version 16
VisualStudioVersion = 16.0.30413.136
MinimumVisualStudioVersion = 10.0.40219.1
Project("{FAE04EC0-301F-11D3-BF4B-00C04F79EFBC}") = "CalendarControl", "CalendarControl.csproj", "{7A0E582F-C104-45C4-9C34-16C3B8346EF1}"
EndProject
Global
	GlobalSection(SolutionConfigurationPlatforms) = preSolution
		Debug|Any CPU = Debug|Any CPU
		Release|Any CPU = Release|Any CPU
	EndGlobalSection
	GlobalSection(ProjectConfigurationPlatforms) = postSolution
		{7A0E582F-C104-45C4-9C34-16C3B8346EF1}.Debug|Any CPU.ActiveCfg = Debug|Any CPU
		{7A0E582F-C104-45C4-9C34-16C3B8346EF1}.Debug|Any CPU.Build.0 = Debug|Any CPU
		{7A0E582F-C104-45C4-9C34-16C3B8346EF1}.Release|Any CPU.ActiveCfg = Release|Any CPU
		{7A0E582F-C104-45C4-9C34-16C3B8346EF1}.Release|Any CPU.Build.0 = Release|Any CPU
	EndGlobalSection
	GlobalSection(SolutionProperties) = preSolution
		HideSolutionNode = FALSE
	EndGlobalSection
	GlobalSection(ExtensibilityGlobals) = postSolution
		SolutionGuid = {C60EC37F-5A5C-4ABC-B451-F40142194956}
	EndGlobalSection
EndGlobal
